
Microsoft Visual Studio Solution File, Format Version 12.00
# Visual Studio Version 17
VisualStudioVersion = 17.5.33627.172
MinimumVisualStudioVersion = 10.0.40219.1
Project("{FAE04EC0-301F-11D3-BF4B-00C04F79EFBC}") = "TopicFiveTask1", "TopicFiveTask1\TopicFiveTask1.csproj", "{86F3103F-B532-4BAE-8059-59C1E4390F24}"
EndProject
Global
	GlobalSection(SolutionConfigurationPlatforms) = preSolution
		Debug|Any CPU = Debug|Any CPU
		Release|Any CPU = Release|Any CPU
	EndGlobalSection
	GlobalSection(ProjectConfigurationPlatforms) = postSolution
		{86F3103F-B532-4BAE-8059-59C1E4390F24}.Debug|Any CPU.ActiveCfg = Debug|Any CPU
		{86F3103F-B532-4BAE-8059-59C1E4390F24}.Debug|Any CPU.Build.0 = Debug|Any CPU
		{86F3103F-B532-4BAE-8059-59C1E4390F24}.Release|Any CPU.ActiveCfg = Release|Any CPU
		{86F3103F-B532-4BAE-8059-59C1E4390F24}.Release|Any CPU.Build.0 = Release|Any CPU
	EndGlobalSection
	GlobalSection(SolutionProperties) = preSolution
		HideSolutionNode = FALSE
	EndGlobalSection
	GlobalSection(ExtensibilityGlobals) = postSolution
		SolutionGuid = {663503CA-8A88-4060-8A29-830D2CCC26B4}
	EndGlobalSection
EndGlobal
